
Microsoft Visual Studio Solution File, Format Version 12.00
# Visual Studio Version 17
VisualStudioVersion = 17.14.36518.9 d17.14
MinimumVisualStudioVersion = 10.0.40219.1
Project("{FAE04EC0-301F-11D3-BF4B-00C04F79EFBC}") = "main", "main\main.csproj", "{D5405BB8-8570-4095-B5DF-3DCA6D5C14EA}"
EndProject
Global
	GlobalSection(SolutionConfigurationPlatforms) = preSolution
		Debug|Any CPU = Debug|Any CPU
		Release|Any CPU = Release|Any CPU
	EndGlobalSection
	GlobalSection(ProjectConfigurationPlatforms) = postSolution
		{D5405BB8-8570-4095-B5DF-3DCA6D5C14EA}.Debug|Any CPU.ActiveCfg = Debug|Any CPU
		{D5405BB8-8570-4095-B5DF-3DCA6D5C14EA}.Debug|Any CPU.Build.0 = Debug|Any CPU
		{D5405BB8-8570-4095-B5DF-3DCA6D5C14EA}.Release|Any CPU.ActiveCfg = Release|Any CPU
		{D5405BB8-8570-4095-B5DF-3DCA6D5C14EA}.Release|Any CPU.Build.0 = Release|Any CPU
	EndGlobalSection
	GlobalSection(SolutionProperties) = preSolution
		HideSolutionNode = FALSE
	EndGlobalSection
	GlobalSection(ExtensibilityGlobals) = postSolution
		SolutionGuid = {C408A17D-435C-48F2-A905-8DBD80F03CE4}
	EndGlobalSection
EndGlobal
